
Microsoft Visual Studio Solution File, Format Version 12.00
# Visual Studio Version 17
VisualStudioVersion = 17.9.34616.47
MinimumVisualStudioVersion = 10.0.40219.1
Project("{9A19103F-16F7-4668-BE54-9A1E7A4F7556}") = "Linked List that is Sorted Alternatingly", "Linked List that is Sorted Alternatingly\Linked List that is Sorted Alternatingly.csproj", "{1754C64A-6C92-46B2-8E17-4493104762BC}"
EndProject
Project("{9A19103F-16F7-4668-BE54-9A1E7A4F7556}") = "Sum of nodes on the longest path from root to leaf node", "Sum of nodes on the longest path from root to leaf node\Sum of nodes on the longest path from root to leaf node.csproj", "{B74D72C0-1573-4EA0-A3CA-1127FBCEDC18}"
EndProject
Project("{9A19103F-16F7-4668-BE54-9A1E7A4F7556}") = "Print N-bit binary numbers having more 1s than 0s", "Print N-bit binary numbers having more 1s than 0s\Print N-bit binary numbers having more 1s than 0s.csproj", "{A0B7D397-F435-4EB0-B7F3-E1DC56D79324}"
EndProject
Project("{9A19103F-16F7-4668-BE54-9A1E7A4F7556}") = "City With the Smallest Number of Neighbors at a Threshold Distance", "City With the Smallest Number of Neighbors at a Threshold Distance\City With the Smallest Number of Neighbors at a Threshold Distance.csproj", "{2E19AF29-C1A0-426B-BA53-943871433EC9}"
EndProject
Project("{9A19103F-16F7-4668-BE54-9A1E7A4F7556}") = "Kth common ancestor in BST", "Kth common ancestor in BST\Kth common ancestor in BST.csproj", "{D0FDE957-A88F-4FFC-8C62-ED662A6B51A1}"
EndProject
Project("{9A19103F-16F7-4668-BE54-9A1E7A4F7556}") = "Sum of all substrings of a number", "Sum of all substrings of a number\Sum of all substrings of a number.csproj", "{CC4C120E-E6EE-41AE-B527-F921EA1D8FA4}"
EndProject
Project("{9A19103F-16F7-4668-BE54-9A1E7A4F7556}") = "PathToReachOrigin", "PathToReachOrigin\PathToReachOrigin.csproj", "{65D19185-FAA3-4064-83B0-7B1DD0EBFAD4}"
EndProject
Project("{9A19103F-16F7-4668-BE54-9A1E7A4F7556}") = "MergeSortDoubleLinkedList", "MergeSortDoubleLinkedList\MergeSortDoubleLinkedList.csproj", "{928077E2-B9F3-4B70-9F2A-7CA68A2D7F2A}"
EndProject
Project("{9A19103F-16F7-4668-BE54-9A1E7A4F7556}") = "AddTwoNumbersRepresentedByLinkedLists", "AddTwoNumbersRepresentedByLinkedLists\AddTwoNumbersRepresentedByLinkedLists.csproj", "{5F5F801D-6F0C-4E4A-A765-38C19FB8C70D}"
EndProject
Project("{9A19103F-16F7-4668-BE54-9A1E7A4F7556}") = "Construct Binary Tree from Inorder and Postorder", "Construct Binary Tree from Inorder and Postorder\Construct Binary Tree from Inorder and Postorder.csproj", "{DE69FB98-3B56-481E-A9F5-F1271FA0D495}"
EndProject
Project("{9A19103F-16F7-4668-BE54-9A1E7A4F7556}") = "Vertical Sum", "Vertical Sum\Vertical Sum.csproj", "{63AF7096-40D9-4194-BC48-3BC3B5E024D8}"
EndProject
Project("{9A19103F-16F7-4668-BE54-9A1E7A4F7556}") = "Minimum steps to destination", "Minimum steps to destination\Minimum steps to destination.csproj", "{6C55D4BF-6D5C-4246-91DF-50E05C73F790}"
EndProject
Project("{9A19103F-16F7-4668-BE54-9A1E7A4F7556}") = "Path With Minimum Effort", "Path With Minimum Effort\Path With Minimum Effort.csproj", "{00C93E8C-98E6-4997-A1EA-F9B2F367F8CE}"
EndProject
Project("{9A19103F-16F7-4668-BE54-9A1E7A4F7556}") = "K closest elements", "K closest elements\K closest elements.csproj", "{9583BBEE-8252-48D6-BF24-79D09B7F6099}"
EndProject
Project("{9A19103F-16F7-4668-BE54-9A1E7A4F7556}") = "K-Palindrome", "K-Palindrome\K-Palindrome.csproj", "{A245993A-FB38-415B-9BF9-B52D8C629C96}"
EndProject
Project("{9A19103F-16F7-4668-BE54-9A1E7A4F7556}") = "Minimum Cost To Make Two Strings Identical", "Minimum Cost To Make Two Strings Identical\Minimum Cost To Make Two Strings Identical.csproj", "{4FDF90C8-F423-49F9-94BF-8E27C08E4859}"
EndProject
Project("{9A19103F-16F7-4668-BE54-9A1E7A4F7556}") = "Minimum cost to fill given weight in a bag", "Minimum cost to fill given weight in a bag\Minimum cost to fill given weight in a bag.csproj", "{4E0CFD7D-BDB4-461C-996A-61EC4FE3F9F0}"
EndProject
Project("{9A19103F-16F7-4668-BE54-9A1E7A4F7556}") = "String Subsequence", "String Subsequence\String Subsequence.csproj", "{153976C6-AA20-4E7A-B53A-2F97BFE7AB9C}"
EndProject
Project("{9A19103F-16F7-4668-BE54-9A1E7A4F7556}") = "Odd Even Problem", "Odd Even Problem\Odd Even Problem.csproj", "{59D78E44-2C3B-4301-9FF4-C51BFDB27FAB}"
EndProject
Project("{9A19103F-16F7-4668-BE54-9A1E7A4F7556}") = "Binary represantation next number", "Binary represantation next number\Binary represantation next number.csproj", "{BC5175E9-86CD-4367-B569-F8EDA6CEA2C3}"
EndProject
Project("{9A19103F-16F7-4668-BE54-9A1E7A4F7556}") = "Index of an Extra Element", "Index of an Extra Element\Index of an Extra Element.csproj", "{8C8632F1-A479-42D7-B710-8DFE3D1CAFB5}"
EndProject
Project("{9A19103F-16F7-4668-BE54-9A1E7A4F7556}") = "Mobile numeric keypad", "Mobile numeric keypad\Mobile numeric keypad.csproj", "{88BE0321-2A90-41F6-A49E-02AEBDEE50A8}"
EndProject
Project("{9A19103F-16F7-4668-BE54-9A1E7A4F7556}") = "Prime Pair with Target Sum", "Prime Pair with Target Sum\Prime Pair with Target Sum.csproj", "{3A8AC382-EBE5-4376-9C9E-3CA3C34FA8CA}"
EndProject
Project("{9A19103F-16F7-4668-BE54-9A1E7A4F7556}") = "Compare two fractions", "Compare two fractions\Compare two fractions.csproj", "{75AF1481-1C74-4A2B-A7C2-F78F7A6CCCCD}"
EndProject
Project("{9A19103F-16F7-4668-BE54-9A1E7A4F7556}") = "Print Bracket Number", "Print Bracket Number\Print Bracket Number.csproj", "{62395D8E-EC56-485C-852A-FB96D5ECB757}"
EndProject
Project("{9A19103F-16F7-4668-BE54-9A1E7A4F7556}") = "Maximum Connected group", "Maximum Connected group\Maximum Connected group.csproj", "{585EC409-F707-4325-81BC-41BB674C8265}"
EndProject
Project("{9A19103F-16F7-4668-BE54-9A1E7A4F7556}") = "Shortest Path in Weighted undirected graph", "Shortest Path in Weighted undirected graph\Shortest Path in Weighted undirected graph.csproj", "{3C8450DF-CFA5-47FB-88AB-AFEF5B5DE547}"
EndProject
Project("{9A19103F-16F7-4668-BE54-9A1E7A4F7556}") = "Smallest number", "Smallest number\Smallest number.csproj", "{5870B160-AE08-49C5-B551-A11355BEFC8E}"
EndProject
Project("{9A19103F-16F7-4668-BE54-9A1E7A4F7556}") = "Construct Binary Tree from Parent Array", "Construct Binary Tree from Parent Array\Construct Binary Tree from Parent Array.csproj", "{F3475D4E-7E15-45B3-BE74-A75BA359320A}"
EndProject
Project("{9A19103F-16F7-4668-BE54-9A1E7A4F7556}") = "Form a palindrome", "Form a palindrome\Form a palindrome.csproj", "{EA678139-25F2-4865-B1B6-5E06F9943232}"
EndProject
Project("{9A19103F-16F7-4668-BE54-9A1E7A4F7556}") = "Row with max 1s", "Row with max 1s\Row with max 1s.csproj", "{F55A4015-BC09-4A66-8809-35331E73011D}"
EndProject
Project("{9A19103F-16F7-4668-BE54-9A1E7A4F7556}") = "Rat in a Maze Problem - I", "Rat in a Maze Problem - I\Rat in a Maze Problem - I.csproj", "{559FDDBF-8218-4EA3-A43A-A066C065874A}"
EndProject
Project("{9A19103F-16F7-4668-BE54-9A1E7A4F7556}") = "Spirally traversing a matrix", "Spirally traversing a matrix\Spirally traversing a matrix.csproj", "{7F11E2A0-48A7-4F86-9121-8FDFF35A860F}"
EndProject
Project("{9A19103F-16F7-4668-BE54-9A1E7A4F7556}") = "The Celebrity Problem", "The Celebrity Problem\The Celebrity Problem.csproj", "{E7792F62-A81D-44F1-BD74-ED283183B5A3}"
EndProject
Project("{9A19103F-16F7-4668-BE54-9A1E7A4F7556}") = "N meetings in one room", "N meetings in one room\N meetings in one room.csproj", "{646BF967-82C2-4AF6-A3F8-D368F44A22DB}"
EndProject
Project("{9A19103F-16F7-4668-BE54-9A1E7A4F7556}") = "Bottom View of Binary Tree", "Bottom View of Binary Tree\Bottom View of Binary Tree.csproj", "{EB73A9A8-5057-49FC-81F3-9DCD4A57AB6F}"
EndProject
Project("{FAE04EC0-301F-11D3-BF4B-00C04F79EFBC}") = "Validate an IP Address", "Validate an IP Address\Validate an IP Address.csproj", "{411B3758-C7B4-48C7-89BA-72198CF95E06}"
EndProject
Global
	GlobalSection(SolutionConfigurationPlatforms) = preSolution
		Debug|Any CPU = Debug|Any CPU
		Release|Any CPU = Release|Any CPU
	EndGlobalSection
	GlobalSection(ProjectConfigurationPlatforms) = postSolution
		{1754C64A-6C92-46B2-8E17-4493104762BC}.Debug|Any CPU.ActiveCfg = Debug|Any CPU
		{1754C64A-6C92-46B2-8E17-4493104762BC}.Debug|Any CPU.Build.0 = Debug|Any CPU
		{1754C64A-6C92-46B2-8E17-4493104762BC}.Release|Any CPU.ActiveCfg = Release|Any CPU
		{1754C64A-6C92-46B2-8E17-4493104762BC}.Release|Any CPU.Build.0 = Release|Any CPU
		{B74D72C0-1573-4EA0-A3CA-1127FBCEDC18}.Debug|Any CPU.ActiveCfg = Debug|Any CPU
		{B74D72C0-1573-4EA0-A3CA-1127FBCEDC18}.Debug|Any CPU.Build.0 = Debug|Any CPU
		{B74D72C0-1573-4EA0-A3CA-1127FBCEDC18}.Release|Any CPU.ActiveCfg = Release|Any CPU
		{B74D72C0-1573-4EA0-A3CA-1127FBCEDC18}.Release|Any CPU.Build.0 = Release|Any CPU
		{A0B7D397-F435-4EB0-B7F3-E1DC56D79324}.Debug|Any CPU.ActiveCfg = Debug|Any CPU
		{A0B7D397-F435-4EB0-B7F3-E1DC56D79324}.Debug|Any CPU.Build.0 = Debug|Any CPU
		{A0B7D397-F435-4EB0-B7F3-E1DC56D79324}.Release|Any CPU.ActiveCfg = Release|Any CPU
		{A0B7D397-F435-4EB0-B7F3-E1DC56D79324}.Release|Any CPU.Build.0 = Release|Any CPU
		{2E19AF29-C1A0-426B-BA53-943871433EC9}.Debug|Any CPU.ActiveCfg = Debug|Any CPU
		{2E19AF29-C1A0-426B-BA53-943871433EC9}.Debug|Any CPU.Build.0 = Debug|Any CPU
		{2E19AF29-C1A0-426B-BA53-943871433EC9}.Release|Any CPU.ActiveCfg = Release|Any CPU
		{2E19AF29-C1A0-426B-BA53-943871433EC9}.Release|Any CPU.Build.0 = Release|Any CPU
		{D0FDE957-A88F-4FFC-8C62-ED662A6B51A1}.Debug|Any CPU.ActiveCfg = Debug|Any CPU
		{D0FDE957-A88F-4FFC-8C62-ED662A6B51A1}.Debug|Any CPU.Build.0 = Debug|Any CPU
		{D0FDE957-A88F-4FFC-8C62-ED662A6B51A1}.Release|Any CPU.ActiveCfg = Release|Any CPU
		{D0FDE957-A88F-4FFC-8C62-ED662A6B51A1}.Release|Any CPU.Build.0 = Release|Any CPU
		{CC4C120E-E6EE-41AE-B527-F921EA1D8FA4}.Debug|Any CPU.ActiveCfg = Debug|Any CPU
		{CC4C120E-E6EE-41AE-B527-F921EA1D8FA4}.Debug|Any CPU.Build.0 = Debug|Any CPU
		{CC4C120E-E6EE-41AE-B527-F921EA1D8FA4}.Release|Any CPU.ActiveCfg = Release|Any CPU
		{CC4C120E-E6EE-41AE-B527-F921EA1D8FA4}.Release|Any CPU.Build.0 = Release|Any CPU
		{65D19185-FAA3-4064-83B0-7B1DD0EBFAD4}.Debug|Any CPU.ActiveCfg = Debug|Any CPU
		{65D19185-FAA3-4064-83B0-7B1DD0EBFAD4}.Debug|Any CPU.Build.0 = Debug|Any CPU
		{65D19185-FAA3-4064-83B0-7B1DD0EBFAD4}.Release|Any CPU.ActiveCfg = Release|Any CPU
		{65D19185-FAA3-4064-83B0-7B1DD0EBFAD4}.Release|Any CPU.Build.0 = Release|Any CPU
		{928077E2-B9F3-4B70-9F2A-7CA68A2D7F2A}.Debug|Any CPU.ActiveCfg = Debug|Any CPU
		{928077E2-B9F3-4B70-9F2A-7CA68A2D7F2A}.Debug|Any CPU.Build.0 = Debug|Any CPU
		{928077E2-B9F3-4B70-9F2A-7CA68A2D7F2A}.Release|Any CPU.ActiveCfg = Release|Any CPU
		{928077E2-B9F3-4B70-9F2A-7CA68A2D7F2A}.Release|Any CPU.Build.0 = Release|Any CPU
		{5F5F801D-6F0C-4E4A-A765-38C19FB8C70D}.Debug|Any CPU.ActiveCfg = Debug|Any CPU
		{5F5F801D-6F0C-4E4A-A765-38C19FB8C70D}.Debug|Any CPU.Build.0 = Debug|Any CPU
		{5F5F801D-6F0C-4E4A-A765-38C19FB8C70D}.Release|Any CPU.ActiveCfg = Release|Any CPU
		{5F5F801D-6F0C-4E4A-A765-38C19FB8C70D}.Release|Any CPU.Build.0 = Release|Any CPU
		{DE69FB98-3B56-481E-A9F5-F1271FA0D495}.Debug|Any CPU.ActiveCfg = Debug|Any CPU
		{DE69FB98-3B56-481E-A9F5-F1271FA0D495}.Debug|Any CPU.Build.0 = Debug|Any CPU
		{DE69FB98-3B56-481E-A9F5-F1271FA0D495}.Release|Any CPU.ActiveCfg = Release|Any CPU
		{DE69FB98-3B56-481E-A9F5-F1271FA0D495}.Release|Any CPU.Build.0 = Release|Any CPU
		{63AF7096-40D9-4194-BC48-3BC3B5E024D8}.Debug|Any CPU.ActiveCfg = Debug|Any CPU
		{63AF7096-40D9-4194-BC48-3BC3B5E024D8}.Debug|Any CPU.Build.0 = Debug|Any CPU
		{63AF7096-40D9-4194-BC48-3BC3B5E024D8}.Release|Any CPU.ActiveCfg = Release|Any CPU
		{63AF7096-40D9-4194-BC48-3BC3B5E024D8}.Release|Any CPU.Build.0 = Release|Any CPU
		{6C55D4BF-6D5C-4246-91DF-50E05C73F790}.Debug|Any CPU.ActiveCfg = Debug|Any CPU
		{6C55D4BF-6D5C-4246-91DF-50E05C73F790}.Debug|Any CPU.Build.0 = Debug|Any CPU
		{6C55D4BF-6D5C-4246-91DF-50E05C73F790}.Release|Any CPU.ActiveCfg = Release|Any CPU
		{6C55D4BF-6D5C-4246-91DF-50E05C73F790}.Release|Any CPU.Build.0 = Release|Any CPU
		{00C93E8C-98E6-4997-A1EA-F9B2F367F8CE}.Debug|Any CPU.ActiveCfg = Debug|Any CPU
		{00C93E8C-98E6-4997-A1EA-F9B2F367F8CE}.Debug|Any CPU.Build.0 = Debug|Any CPU
		{00C93E8C-98E6-4997-A1EA-F9B2F367F8CE}.Release|Any CPU.ActiveCfg = Release|Any CPU
		{00C93E8C-98E6-4997-A1EA-F9B2F367F8CE}.Release|Any CPU.Build.0 = Release|Any CPU
		{9583BBEE-8252-48D6-BF24-79D09B7F6099}.Debug|Any CPU.ActiveCfg = Debug|Any CPU
		{9583BBEE-8252-48D6-BF24-79D09B7F6099}.Debug|Any CPU.Build.0 = Debug|Any CPU
		{9583BBEE-8252-48D6-BF24-79D09B7F6099}.Release|Any CPU.ActiveCfg = Release|Any CPU
		{9583BBEE-8252-48D6-BF24-79D09B7F6099}.Release|Any CPU.Build.0 = Release|Any CPU
		{A245993A-FB38-415B-9BF9-B52D8C629C96}.Debug|Any CPU.ActiveCfg = Debug|Any CPU
		{A245993A-FB38-415B-9BF9-B52D8C629C96}.Debug|Any CPU.Build.0 = Debug|Any CPU
		{A245993A-FB38-415B-9BF9-B52D8C629C96}.Release|Any CPU.ActiveCfg = Release|Any CPU
		{A245993A-FB38-415B-9BF9-B52D8C629C96}.Release|Any CPU.Build.0 = Release|Any CPU
		{4FDF90C8-F423-49F9-94BF-8E27C08E4859}.Debug|Any CPU.ActiveCfg = Debug|Any CPU
		{4FDF90C8-F423-49F9-94BF-8E27C08E4859}.Debug|Any CPU.Build.0 = Debug|Any CPU
		{4FDF90C8-F423-49F9-94BF-8E27C08E4859}.Release|Any CPU.ActiveCfg = Release|Any CPU
		{4FDF90C8-F423-49F9-94BF-8E27C08E4859}.Release|Any CPU.Build.0 = Release|Any CPU
		{4E0CFD7D-BDB4-461C-996A-61EC4FE3F9F0}.Debug|Any CPU.ActiveCfg = Debug|Any CPU
		{4E0CFD7D-BDB4-461C-996A-61EC4FE3F9F0}.Debug|Any CPU.Build.0 = Debug|Any CPU
		{4E0CFD7D-BDB4-461C-996A-61EC4FE3F9F0}.Release|Any CPU.ActiveCfg = Release|Any CPU
		{4E0CFD7D-BDB4-461C-996A-61EC4FE3F9F0}.Release|Any CPU.Build.0 = Release|Any CPU
		{153976C6-AA20-4E7A-B53A-2F97BFE7AB9C}.Debug|Any CPU.ActiveCfg = Debug|Any CPU
		{153976C6-AA20-4E7A-B53A-2F97BFE7AB9C}.Debug|Any CPU.Build.0 = Debug|Any CPU
		{153976C6-AA20-4E7A-B53A-2F97BFE7AB9C}.Release|Any CPU.ActiveCfg = Release|Any CPU
		{153976C6-AA20-4E7A-B53A-2F97BFE7AB9C}.Release|Any CPU.Build.0 = Release|Any CPU
		{59D78E44-2C3B-4301-9FF4-C51BFDB27FAB}.Debug|Any CPU.ActiveCfg = Debug|Any CPU
		{59D78E44-2C3B-4301-9FF4-C51BFDB27FAB}.Debug|Any CPU.Build.0 = Debug|Any CPU
		{59D78E44-2C3B-4301-9FF4-C51BFDB27FAB}.Release|Any CPU.ActiveCfg = Release|Any CPU
		{59D78E44-2C3B-4301-9FF4-C51BFDB27FAB}.Release|Any CPU.Build.0 = Release|Any CPU
		{BC5175E9-86CD-4367-B569-F8EDA6CEA2C3}.Debug|Any CPU.ActiveCfg = Debug|Any CPU
		{BC5175E9-86CD-4367-B569-F8EDA6CEA2C3}.Debug|Any CPU.Build.0 = Debug|Any CPU
		{BC5175E9-86CD-4367-B569-F8EDA6CEA2C3}.Release|Any CPU.ActiveCfg = Release|Any CPU
		{BC5175E9-86CD-4367-B569-F8EDA6CEA2C3}.Release|Any CPU.Build.0 = Release|Any CPU
		{8C8632F1-A479-42D7-B710-8DFE3D1CAFB5}.Debug|Any CPU.ActiveCfg = Debug|Any CPU
		{8C8632F1-A479-42D7-B710-8DFE3D1CAFB5}.Debug|Any CPU.Build.0 = Debug|Any CPU
		{8C8632F1-A479-42D7-B710-8DFE3D1CAFB5}.Release|Any CPU.ActiveCfg = Release|Any CPU
		{8C8632F1-A479-42D7-B710-8DFE3D1CAFB5}.Release|Any CPU.Build.0 = Release|Any CPU
		{88BE0321-2A90-41F6-A49E-02AEBDEE50A8}.Debug|Any CPU.ActiveCfg = Debug|Any CPU
		{88BE0321-2A90-41F6-A49E-02AEBDEE50A8}.Debug|Any CPU.Build.0 = Debug|Any CPU
		{88BE0321-2A90-41F6-A49E-02AEBDEE50A8}.Release|Any CPU.ActiveCfg = Release|Any CPU
		{88BE0321-2A90-41F6-A49E-02AEBDEE50A8}.Release|Any CPU.Build.0 = Release|Any CPU
		{3A8AC382-EBE5-4376-9C9E-3CA3C34FA8CA}.Debug|Any CPU.ActiveCfg = Debug|Any CPU
		{3A8AC382-EBE5-4376-9C9E-3CA3C34FA8CA}.Debug|Any CPU.Build.0 = Debug|Any CPU
		{3A8AC382-EBE5-4376-9C9E-3CA3C34FA8CA}.Release|Any CPU.ActiveCfg = Release|Any CPU
		{3A8AC382-EBE5-4376-9C9E-3CA3C34FA8CA}.Release|Any CPU.Build.0 = Release|Any CPU
		{75AF1481-1C74-4A2B-A7C2-F78F7A6CCCCD}.Debug|Any CPU.ActiveCfg = Debug|Any CPU
		{75AF1481-1C74-4A2B-A7C2-F78F7A6CCCCD}.Debug|Any CPU.Build.0 = Debug|Any CPU
		{75AF1481-1C74-4A2B-A7C2-F78F7A6CCCCD}.Release|Any CPU.ActiveCfg = Release|Any CPU
		{75AF1481-1C74-4A2B-A7C2-F78F7A6CCCCD}.Release|Any CPU.Build.0 = Release|Any CPU
		{62395D8E-EC56-485C-852A-FB96D5ECB757}.Debug|Any CPU.ActiveCfg = Debug|Any CPU
		{62395D8E-EC56-485C-852A-FB96D5ECB757}.Debug|Any CPU.Build.0 = Debug|Any CPU
		{62395D8E-EC56-485C-852A-FB96D5ECB757}.Release|Any CPU.ActiveCfg = Release|Any CPU
		{62395D8E-EC56-485C-852A-FB96D5ECB757}.Release|Any CPU.Build.0 = Release|Any CPU
		{585EC409-F707-4325-81BC-41BB674C8265}.Debug|Any CPU.ActiveCfg = Debug|Any CPU
		{585EC409-F707-4325-81BC-41BB674C8265}.Debug|Any CPU.Build.0 = Debug|Any CPU
		{585EC409-F707-4325-81BC-41BB674C8265}.Release|Any CPU.ActiveCfg = Release|Any CPU
		{585EC409-F707-4325-81BC-41BB674C8265}.Release|Any CPU.Build.0 = Release|Any CPU
		{3C8450DF-CFA5-47FB-88AB-AFEF5B5DE547}.Debug|Any CPU.ActiveCfg = Debug|Any CPU
		{3C8450DF-CFA5-47FB-88AB-AFEF5B5DE547}.Debug|Any CPU.Build.0 = Debug|Any CPU
		{3C8450DF-CFA5-47FB-88AB-AFEF5B5DE547}.Release|Any CPU.ActiveCfg = Release|Any CPU
		{3C8450DF-CFA5-47FB-88AB-AFEF5B5DE547}.Release|Any CPU.Build.0 = Release|Any CPU
		{5870B160-AE08-49C5-B551-A11355BEFC8E}.Debug|Any CPU.ActiveCfg = Debug|Any CPU
		{5870B160-AE08-49C5-B551-A11355BEFC8E}.Debug|Any CPU.Build.0 = Debug|Any CPU
		{5870B160-AE08-49C5-B551-A11355BEFC8E}.Release|Any CPU.ActiveCfg = Release|Any CPU
		{5870B160-AE08-49C5-B551-A11355BEFC8E}.Release|Any CPU.Build.0 = Release|Any CPU
		{F3475D4E-7E15-45B3-BE74-A75BA359320A}.Debug|Any CPU.ActiveCfg = Debug|Any CPU
		{F3475D4E-7E15-45B3-BE74-A75BA359320A}.Debug|Any CPU.Build.0 = Debug|Any CPU
		{F3475D4E-7E15-45B3-BE74-A75BA359320A}.Release|Any CPU.ActiveCfg = Release|Any CPU
		{F3475D4E-7E15-45B3-BE74-A75BA359320A}.Release|Any CPU.Build.0 = Release|Any CPU
		{EA678139-25F2-4865-B1B6-5E06F9943232}.Debug|Any CPU.ActiveCfg = Debug|Any CPU
		{EA678139-25F2-4865-B1B6-5E06F9943232}.Debug|Any CPU.Build.0 = Debug|Any CPU
		{EA678139-25F2-4865-B1B6-5E06F9943232}.Release|Any CPU.ActiveCfg = Release|Any CPU
		{EA678139-25F2-4865-B1B6-5E06F9943232}.Release|Any CPU.Build.0 = Release|Any CPU
		{F55A4015-BC09-4A66-8809-35331E73011D}.Debug|Any CPU.ActiveCfg = Debug|Any CPU
		{F55A4015-BC09-4A66-8809-35331E73011D}.Debug|Any CPU.Build.0 = Debug|Any CPU
		{F55A4015-BC09-4A66-8809-35331E73011D}.Release|Any CPU.ActiveCfg = Release|Any CPU
		{F55A4015-BC09-4A66-8809-35331E73011D}.Release|Any CPU.Build.0 = Release|Any CPU
		{559FDDBF-8218-4EA3-A43A-A066C065874A}.Debug|Any CPU.ActiveCfg = Debug|Any CPU
		{559FDDBF-8218-4EA3-A43A-A066C065874A}.Debug|Any CPU.Build.0 = Debug|Any CPU
		{559FDDBF-8218-4EA3-A43A-A066C065874A}.Release|Any CPU.ActiveCfg = Release|Any CPU
		{559FDDBF-8218-4EA3-A43A-A066C065874A}.Release|Any CPU.Build.0 = Release|Any CPU
		{7F11E2A0-48A7-4F86-9121-8FDFF35A860F}.Debug|Any CPU.ActiveCfg = Debug|Any CPU
		{7F11E2A0-48A7-4F86-9121-8FDFF35A860F}.Debug|Any CPU.Build.0 = Debug|Any CPU
		{7F11E2A0-48A7-4F86-9121-8FDFF35A860F}.Release|Any CPU.ActiveCfg = Release|Any CPU
		{7F11E2A0-48A7-4F86-9121-8FDFF35A860F}.Release|Any CPU.Build.0 = Release|Any CPU
		{E7792F62-A81D-44F1-BD74-ED283183B5A3}.Debug|Any CPU.ActiveCfg = Debug|Any CPU
		{E7792F62-A81D-44F1-BD74-ED283183B5A3}.Debug|Any CPU.Build.0 = Debug|Any CPU
		{E7792F62-A81D-44F1-BD74-ED283183B5A3}.Release|Any CPU.ActiveCfg = Release|Any CPU
		{E7792F62-A81D-44F1-BD74-ED283183B5A3}.Release|Any CPU.Build.0 = Release|Any CPU
		{646BF967-82C2-4AF6-A3F8-D368F44A22DB}.Debug|Any CPU.ActiveCfg = Debug|Any CPU
		{646BF967-82C2-4AF6-A3F8-D368F44A22DB}.Debug|Any CPU.Build.0 = Debug|Any CPU
		{646BF967-82C2-4AF6-A3F8-D368F44A22DB}.Release|Any CPU.ActiveCfg = Release|Any CPU
		{646BF967-82C2-4AF6-A3F8-D368F44A22DB}.Release|Any CPU.Build.0 = Release|Any CPU
		{EB73A9A8-5057-49FC-81F3-9DCD4A57AB6F}.Debug|Any CPU.ActiveCfg = Debug|Any CPU
		{EB73A9A8-5057-49FC-81F3-9DCD4A57AB6F}.Debug|Any CPU.Build.0 = Debug|Any CPU
		{EB73A9A8-5057-49FC-81F3-9DCD4A57AB6F}.Release|Any CPU.ActiveCfg = Release|Any CPU
		{EB73A9A8-5057-49FC-81F3-9DCD4A57AB6F}.Release|Any CPU.Build.0 = Release|Any CPU
		{411B3758-C7B4-48C7-89BA-72198CF95E06}.Debug|Any CPU.ActiveCfg = Debug|Any CPU
		{411B3758-C7B4-48C7-89BA-72198CF95E06}.Debug|Any CPU.Build.0 = Debug|Any CPU
		{411B3758-C7B4-48C7-89BA-72198CF95E06}.Release|Any CPU.ActiveCfg = Release|Any CPU
		{411B3758-C7B4-48C7-89BA-72198CF95E06}.Release|Any CPU.Build.0 = Release|Any CPU
	EndGlobalSection
	GlobalSection(SolutionProperties) = preSolution
		HideSolutionNode = FALSE
	EndGlobalSection
	GlobalSection(ExtensibilityGlobals) = postSolution
		SolutionGuid = {A1D15464-903C-4120-B97A-6B2630F73E4A}
	EndGlobalSection
EndGlobal
