
Microsoft Visual Studio Solution File, Format Version 12.00
# Visual Studio Version 17
VisualStudioVersion = 17.9.34616.47
MinimumVisualStudioVersion = 10.0.40219.1
Project("{9A19103F-16F7-4668-BE54-9A1E7A4F7556}") = "Linked List that is Sorted Alternatingly", "Linked List that is Sorted Alternatingly\Linked List that is Sorted Alternatingly.csproj", "{1754C64A-6C92-46B2-8E17-4493104762BC}"
EndProject
Project("{9A19103F-16F7-4668-BE54-9A1E7A4F7556}") = "Sum of nodes on the longest path from root to leaf node", "Sum of nodes on the longest path from root to leaf node\Sum of nodes on the longest path from root to leaf node.csproj", "{B74D72C0-1573-4EA0-A3CA-1127FBCEDC18}"
EndProject
Project("{9A19103F-16F7-4668-BE54-9A1E7A4F7556}") = "Print N-bit binary numbers having more 1s than 0s", "Print N-bit binary numbers having more 1s than 0s\Print N-bit binary numbers having more 1s than 0s.csproj", "{A0B7D397-F435-4EB0-B7F3-E1DC56D79324}"
EndProject
Project("{FAE04EC0-301F-11D3-BF4B-00C04F79EFBC}") = "City With the Smallest Number of Neighbors at a Threshold Distance", "City With the Smallest Number of Neighbors at a Threshold Distance\City With the Smallest Number of Neighbors at a Threshold Distance.csproj", "{2E19AF29-C1A0-426B-BA53-943871433EC9}"
EndProject
Global
	GlobalSection(SolutionConfigurationPlatforms) = preSolution
		Debug|Any CPU = Debug|Any CPU
		Release|Any CPU = Release|Any CPU
	EndGlobalSection
	GlobalSection(ProjectConfigurationPlatforms) = postSolution
		{1754C64A-6C92-46B2-8E17-4493104762BC}.Debug|Any CPU.ActiveCfg = Debug|Any CPU
		{1754C64A-6C92-46B2-8E17-4493104762BC}.Debug|Any CPU.Build.0 = Debug|Any CPU
		{1754C64A-6C92-46B2-8E17-4493104762BC}.Release|Any CPU.ActiveCfg = Release|Any CPU
		{1754C64A-6C92-46B2-8E17-4493104762BC}.Release|Any CPU.Build.0 = Release|Any CPU
		{B74D72C0-1573-4EA0-A3CA-1127FBCEDC18}.Debug|Any CPU.ActiveCfg = Debug|Any CPU
		{B74D72C0-1573-4EA0-A3CA-1127FBCEDC18}.Debug|Any CPU.Build.0 = Debug|Any CPU
		{B74D72C0-1573-4EA0-A3CA-1127FBCEDC18}.Release|Any CPU.ActiveCfg = Release|Any CPU
		{B74D72C0-1573-4EA0-A3CA-1127FBCEDC18}.Release|Any CPU.Build.0 = Release|Any CPU
		{A0B7D397-F435-4EB0-B7F3-E1DC56D79324}.Debug|Any CPU.ActiveCfg = Debug|Any CPU
		{A0B7D397-F435-4EB0-B7F3-E1DC56D79324}.Debug|Any CPU.Build.0 = Debug|Any CPU
		{A0B7D397-F435-4EB0-B7F3-E1DC56D79324}.Release|Any CPU.ActiveCfg = Release|Any CPU
		{A0B7D397-F435-4EB0-B7F3-E1DC56D79324}.Release|Any CPU.Build.0 = Release|Any CPU
		{2E19AF29-C1A0-426B-BA53-943871433EC9}.Debug|Any CPU.ActiveCfg = Debug|Any CPU
		{2E19AF29-C1A0-426B-BA53-943871433EC9}.Debug|Any CPU.Build.0 = Debug|Any CPU
		{2E19AF29-C1A0-426B-BA53-943871433EC9}.Release|Any CPU.ActiveCfg = Release|Any CPU
		{2E19AF29-C1A0-426B-BA53-943871433EC9}.Release|Any CPU.Build.0 = Release|Any CPU
	EndGlobalSection
	GlobalSection(SolutionProperties) = preSolution
		HideSolutionNode = FALSE
	EndGlobalSection
	GlobalSection(ExtensibilityGlobals) = postSolution
		SolutionGuid = {A1D15464-903C-4120-B97A-6B2630F73E4A}
	EndGlobalSection
EndGlobal
